
Microsoft Visual Studio Solution File, Format Version 12.00
# Visual Studio Version 17
VisualStudioVersion = 17.14.36429.23 d17.14
MinimumVisualStudioVersion = 10.0.40219.1
Project("{FAE04EC0-301F-11D3-BF4B-00C04F79EFBC}") = "WebAPI", "WebAPI\WebAPI.csproj", "{DAF9B401-06D9-4FA6-B6BC-B45F14075949}"
EndProject
Global
	GlobalSection(SolutionConfigurationPlatforms) = preSolution
		Debug|Any CPU = Debug|Any CPU
		Release|Any CPU = Release|Any CPU
	EndGlobalSection
	GlobalSection(ProjectConfigurationPlatforms) = postSolution
		{DAF9B401-06D9-4FA6-B6BC-B45F14075949}.Debug|Any CPU.ActiveCfg = Debug|Any CPU
		{DAF9B401-06D9-4FA6-B6BC-B45F14075949}.Debug|Any CPU.Build.0 = Debug|Any CPU
		{DAF9B401-06D9-4FA6-B6BC-B45F14075949}.Release|Any CPU.ActiveCfg = Release|Any CPU
		{DAF9B401-06D9-4FA6-B6BC-B45F14075949}.Release|Any CPU.Build.0 = Release|Any CPU
	EndGlobalSection
	GlobalSection(SolutionProperties) = preSolution
		HideSolutionNode = FALSE
	EndGlobalSection
	GlobalSection(ExtensibilityGlobals) = postSolution
		SolutionGuid = {8A52E7C4-E7A4-407C-A604-1F2837E11353}
	EndGlobalSection
EndGlobal
